
Microsoft Visual Studio Solution File, Format Version 12.00
# Visual Studio 15
VisualStudioVersion = 15.0.26124.0
MinimumVisualStudioVersion = 15.0.26124.0
Project("{2150E333-8FDC-42A3-9474-1A3956D46DE8}") = "API1", "API1", "{E691C1B0-DB75-11EA-B45C-DF6CA8430E51}"
EndProject
Project("{FAE04EC0-301F-11D3-BF4B-00C04F79EFBC}") = "API1", "API1\API1.csproj", "{C6A32B05-DAB0-4D7C-B5DF-32F1FB24996B}"
EndProject
Project("{2150E333-8FDC-42A3-9474-1A3956D46DE8}") = "API2", "API2", "{A5576220-DB77-11EA-B45C-DF6CA8430E51}"
EndProject
Project("{FAE04EC0-301F-11D3-BF4B-00C04F79EFBC}") = "API2", "API2\API2.csproj", "{3A20D742-0469-483B-961C-C719D33FD0D8}"
EndProject
Global
	GlobalSection(SolutionConfigurationPlatforms) = preSolution
		Debug|Any CPU = Debug|Any CPU
		Debug|x64 = Debug|x64
		Debug|x86 = Debug|x86
		Release|Any CPU = Release|Any CPU
		Release|x64 = Release|x64
		Release|x86 = Release|x86
	EndGlobalSection
	GlobalSection(SolutionProperties) = preSolution
		HideSolutionNode = FALSE
	EndGlobalSection
	GlobalSection(ProjectConfigurationPlatforms) = postSolution
		{C6A32B05-DAB0-4D7C-B5DF-32F1FB24996B}.Debug|Any CPU.ActiveCfg = Debug|Any CPU
		{C6A32B05-DAB0-4D7C-B5DF-32F1FB24996B}.Debug|Any CPU.Build.0 = Debug|Any CPU
		{C6A32B05-DAB0-4D7C-B5DF-32F1FB24996B}.Debug|x64.ActiveCfg = Debug|Any CPU
		{C6A32B05-DAB0-4D7C-B5DF-32F1FB24996B}.Debug|x64.Build.0 = Debug|Any CPU
		{C6A32B05-DAB0-4D7C-B5DF-32F1FB24996B}.Debug|x86.ActiveCfg = Debug|Any CPU
		{C6A32B05-DAB0-4D7C-B5DF-32F1FB24996B}.Debug|x86.Build.0 = Debug|Any CPU
		{C6A32B05-DAB0-4D7C-B5DF-32F1FB24996B}.Release|Any CPU.ActiveCfg = Release|Any CPU
		{C6A32B05-DAB0-4D7C-B5DF-32F1FB24996B}.Release|Any CPU.Build.0 = Release|Any CPU
		{C6A32B05-DAB0-4D7C-B5DF-32F1FB24996B}.Release|x64.ActiveCfg = Release|Any CPU
		{C6A32B05-DAB0-4D7C-B5DF-32F1FB24996B}.Release|x64.Build.0 = Release|Any CPU
		{C6A32B05-DAB0-4D7C-B5DF-32F1FB24996B}.Release|x86.ActiveCfg = Release|Any CPU
		{C6A32B05-DAB0-4D7C-B5DF-32F1FB24996B}.Release|x86.Build.0 = Release|Any CPU
		{3A20D742-0469-483B-961C-C719D33FD0D8}.Debug|Any CPU.ActiveCfg = Debug|Any CPU
		{3A20D742-0469-483B-961C-C719D33FD0D8}.Debug|Any CPU.Build.0 = Debug|Any CPU
		{3A20D742-0469-483B-961C-C719D33FD0D8}.Debug|x64.ActiveCfg = Debug|Any CPU
		{3A20D742-0469-483B-961C-C719D33FD0D8}.Debug|x64.Build.0 = Debug|Any CPU
		{3A20D742-0469-483B-961C-C719D33FD0D8}.Debug|x86.ActiveCfg = Debug|Any CPU
		{3A20D742-0469-483B-961C-C719D33FD0D8}.Debug|x86.Build.0 = Debug|Any CPU
		{3A20D742-0469-483B-961C-C719D33FD0D8}.Release|Any CPU.ActiveCfg = Release|Any CPU
		{3A20D742-0469-483B-961C-C719D33FD0D8}.Release|Any CPU.Build.0 = Release|Any CPU
		{3A20D742-0469-483B-961C-C719D33FD0D8}.Release|x64.ActiveCfg = Release|Any CPU
		{3A20D742-0469-483B-961C-C719D33FD0D8}.Release|x64.Build.0 = Release|Any CPU
		{3A20D742-0469-483B-961C-C719D33FD0D8}.Release|x86.ActiveCfg = Release|Any CPU
		{3A20D742-0469-483B-961C-C719D33FD0D8}.Release|x86.Build.0 = Release|Any CPU
	EndGlobalSection
	GlobalSection(NestedProjects) = preSolution
		{3A20D742-0469-483B-961C-C719D33FD0D8} = {A5576220-DB77-11EA-B45C-DF6CA8430E51}
		{C6A32B05-DAB0-4D7C-B5DF-32F1FB24996B} = {E691C1B0-DB75-11EA-B45C-DF6CA8430E51}
	EndGlobalSection
EndGlobal
